
Microsoft Visual Studio Solution File, Format Version 12.00
# Visual Studio 14
VisualStudioVersion = 14.0.25420.1
MinimumVisualStudioVersion = 10.0.40219.1
Project("{2150E333-8FDC-42A3-9474-1A3956D46DE8}") = "Common", "Common", "{63C8D179-824A-4751-9A77-49179264D8EE}"
EndProject
Project("{2150E333-8FDC-42A3-9474-1A3956D46DE8}") = "Database", "Database", "{535CCC0F-EEF6-4CEB-8DEB-8BE9B50328C3}"
EndProject
Project("{2150E333-8FDC-42A3-9474-1A3956D46DE8}") = "Services", "Services", "{2D447CB8-FCD8-40A9-A2C0-E71AE5887A50}"
EndProject
Project("{2150E333-8FDC-42A3-9474-1A3956D46DE8}") = "Api", "Api", "{E5518D85-6297-4B54-81D7-67F452AE88BA}"
EndProject
Project("{FAE04EC0-301F-11D3-BF4B-00C04F79EFBC}") = "MFD.Api", "MFD.Api\MFD.Api.csproj", "{30AE3023-F335-4C5F-8A5F-9F3E679B88C8}"
EndProject
Project("{FAE04EC0-301F-11D3-BF4B-00C04F79EFBC}") = "MDF.Services.Interfaces", "MDF.Services.Interfaces\MDF.Services.Interfaces.csproj", "{57D0978A-47BA-4CE9-AB5C-5DDADF32193E}"
EndProject
Project("{FAE04EC0-301F-11D3-BF4B-00C04F79EFBC}") = "MDF.Services", "MDF.Services\MDF.Services.csproj", "{52B510DE-444F-4194-9200-850D8AE7A70C}"
EndProject
Project("{FAE04EC0-301F-11D3-BF4B-00C04F79EFBC}") = "MDF.Data.Interfaces", "MDF.Data.Interfaces\MDF.Data.Interfaces.csproj", "{3772E67D-8579-4DD5-A647-0F38577731C9}"
EndProject
Project("{FAE04EC0-301F-11D3-BF4B-00C04F79EFBC}") = "MDF.Data", "MDF.Data\MDF.Data.csproj", "{11AB2CFA-820E-4AC5-8127-EBF1B51CFF44}"
EndProject
Project("{FAE04EC0-301F-11D3-BF4B-00C04F79EFBC}") = "MDF.Models", "MDF.Models\MDF.Models.csproj", "{7EC37C99-6E45-4908-8140-2CDD15D24963}"
EndProject
Project("{FAE04EC0-301F-11D3-BF4B-00C04F79EFBC}") = "MFD.Services.Tests", "MFD.Services.Tests\MFD.Services.Tests.csproj", "{3150E866-3AFE-4EE5-A156-56E7DAF3726D}"
EndProject
Global
	GlobalSection(SolutionConfigurationPlatforms) = preSolution
		Debug|Any CPU = Debug|Any CPU
		Release|Any CPU = Release|Any CPU
	EndGlobalSection
	GlobalSection(ProjectConfigurationPlatforms) = postSolution
		{30AE3023-F335-4C5F-8A5F-9F3E679B88C8}.Debug|Any CPU.ActiveCfg = Debug|Any CPU
		{30AE3023-F335-4C5F-8A5F-9F3E679B88C8}.Debug|Any CPU.Build.0 = Debug|Any CPU
		{30AE3023-F335-4C5F-8A5F-9F3E679B88C8}.Release|Any CPU.ActiveCfg = Release|Any CPU
		{30AE3023-F335-4C5F-8A5F-9F3E679B88C8}.Release|Any CPU.Build.0 = Release|Any CPU
		{57D0978A-47BA-4CE9-AB5C-5DDADF32193E}.Debug|Any CPU.ActiveCfg = Debug|Any CPU
		{57D0978A-47BA-4CE9-AB5C-5DDADF32193E}.Debug|Any CPU.Build.0 = Debug|Any CPU
		{57D0978A-47BA-4CE9-AB5C-5DDADF32193E}.Release|Any CPU.ActiveCfg = Release|Any CPU
		{57D0978A-47BA-4CE9-AB5C-5DDADF32193E}.Release|Any CPU.Build.0 = Release|Any CPU
		{52B510DE-444F-4194-9200-850D8AE7A70C}.Debug|Any CPU.ActiveCfg = Debug|Any CPU
		{52B510DE-444F-4194-9200-850D8AE7A70C}.Debug|Any CPU.Build.0 = Debug|Any CPU
		{52B510DE-444F-4194-9200-850D8AE7A70C}.Release|Any CPU.ActiveCfg = Release|Any CPU
		{52B510DE-444F-4194-9200-850D8AE7A70C}.Release|Any CPU.Build.0 = Release|Any CPU
		{3772E67D-8579-4DD5-A647-0F38577731C9}.Debug|Any CPU.ActiveCfg = Debug|Any CPU
		{3772E67D-8579-4DD5-A647-0F38577731C9}.Debug|Any CPU.Build.0 = Debug|Any CPU
		{3772E67D-8579-4DD5-A647-0F38577731C9}.Release|Any CPU.ActiveCfg = Release|Any CPU
		{3772E67D-8579-4DD5-A647-0F38577731C9}.Release|Any CPU.Build.0 = Release|Any CPU
		{11AB2CFA-820E-4AC5-8127-EBF1B51CFF44}.Debug|Any CPU.ActiveCfg = Debug|Any CPU
		{11AB2CFA-820E-4AC5-8127-EBF1B51CFF44}.Debug|Any CPU.Build.0 = Debug|Any CPU
		{11AB2CFA-820E-4AC5-8127-EBF1B51CFF44}.Release|Any CPU.ActiveCfg = Release|Any CPU
		{11AB2CFA-820E-4AC5-8127-EBF1B51CFF44}.Release|Any CPU.Build.0 = Release|Any CPU
		{7EC37C99-6E45-4908-8140-2CDD15D24963}.Debug|Any CPU.ActiveCfg = Debug|Any CPU
		{7EC37C99-6E45-4908-8140-2CDD15D24963}.Debug|Any CPU.Build.0 = Debug|Any CPU
		{7EC37C99-6E45-4908-8140-2CDD15D24963}.Release|Any CPU.ActiveCfg = Release|Any CPU
		{7EC37C99-6E45-4908-8140-2CDD15D24963}.Release|Any CPU.Build.0 = Release|Any CPU
		{3150E866-3AFE-4EE5-A156-56E7DAF3726D}.Debug|Any CPU.ActiveCfg = Debug|Any CPU
		{3150E866-3AFE-4EE5-A156-56E7DAF3726D}.Debug|Any CPU.Build.0 = Debug|Any CPU
		{3150E866-3AFE-4EE5-A156-56E7DAF3726D}.Release|Any CPU.ActiveCfg = Release|Any CPU
		{3150E866-3AFE-4EE5-A156-56E7DAF3726D}.Release|Any CPU.Build.0 = Release|Any CPU
	EndGlobalSection
	GlobalSection(SolutionProperties) = preSolution
		HideSolutionNode = FALSE
	EndGlobalSection
	GlobalSection(NestedProjects) = preSolution
		{30AE3023-F335-4C5F-8A5F-9F3E679B88C8} = {E5518D85-6297-4B54-81D7-67F452AE88BA}
		{57D0978A-47BA-4CE9-AB5C-5DDADF32193E} = {2D447CB8-FCD8-40A9-A2C0-E71AE5887A50}
		{52B510DE-444F-4194-9200-850D8AE7A70C} = {2D447CB8-FCD8-40A9-A2C0-E71AE5887A50}
		{3772E67D-8579-4DD5-A647-0F38577731C9} = {535CCC0F-EEF6-4CEB-8DEB-8BE9B50328C3}
		{11AB2CFA-820E-4AC5-8127-EBF1B51CFF44} = {535CCC0F-EEF6-4CEB-8DEB-8BE9B50328C3}
		{7EC37C99-6E45-4908-8140-2CDD15D24963} = {535CCC0F-EEF6-4CEB-8DEB-8BE9B50328C3}
		{3150E866-3AFE-4EE5-A156-56E7DAF3726D} = {2D447CB8-FCD8-40A9-A2C0-E71AE5887A50}
	EndGlobalSection
EndGlobal
